
Microsoft Visual Studio Solution File, Format Version 12.00
# Visual Studio 15
VisualStudioVersion = 15.0.28307.421
MinimumVisualStudioVersion = 10.0.40219.1
Project("{8BC9CEB8-8B4A-11D0-8D11-00A0C91BC942}") = "My_IOCP", "My_IOCP.vcxproj", "{720B6FC8-5207-43B3-9737-E91B02C4305A}"
EndProject
Global
	GlobalSection(SolutionConfigurationPlatforms) = preSolution
		Debug|x64 = Debug|x64
		Debug|x86 = Debug|x86
		Release|x64 = Release|x64
		Release|x86 = Release|x86
	EndGlobalSection
	GlobalSection(ProjectConfigurationPlatforms) = postSolution
		{720B6FC8-5207-43B3-9737-E91B02C4305A}.Debug|x64.ActiveCfg = Debug|x64
		{720B6FC8-5207-43B3-9737-E91B02C4305A}.Debug|x64.Build.0 = Debug|x64
		{720B6FC8-5207-43B3-9737-E91B02C4305A}.Debug|x86.ActiveCfg = Debug|Win32
		{720B6FC8-5207-43B3-9737-E91B02C4305A}.Debug|x86.Build.0 = Debug|Win32
		{720B6FC8-5207-43B3-9737-E91B02C4305A}.Release|x64.ActiveCfg = Release|x64
		{720B6FC8-5207-43B3-9737-E91B02C4305A}.Release|x64.Build.0 = Release|x64
		{720B6FC8-5207-43B3-9737-E91B02C4305A}.Release|x86.ActiveCfg = Release|Win32
		{720B6FC8-5207-43B3-9737-E91B02C4305A}.Release|x86.Build.0 = Release|Win32
	EndGlobalSection
	GlobalSection(SolutionProperties) = preSolution
		HideSolutionNode = FALSE
	EndGlobalSection
	GlobalSection(ExtensibilityGlobals) = postSolution
		SolutionGuid = {25B86828-180A-48B2-B2BD-BD798F55849C}
	EndGlobalSection
EndGlobal
